// !$*UTF8*$!
{
	archiveVersion = 1;
	classes = {
	};
	objectVersion = 50;
	objects = {

/* Begin PBXBuildFile section */
		CFC94F6F2349D59500F3104B /* AppDelegate.swift in Sources */ = {isa = PBXBuildFile; fileRef = CFC94F6E2349D59500F3104B /* AppDelegate.swift */; };
		CFC94F712349D59500F3104B /* GameScene.sks in Resources */ = {isa = PBXBuildFile; fileRef = CFC94F702349D59500F3104B /* GameScene.sks */; };
		CFC94F752349D59500F3104B /* GameScene.swift in Sources */ = {isa = PBXBuildFile; fileRef = CFC94F742349D59500F3104B /* GameScene.swift */; };
		CFC94F772349D59500F3104B /* GameViewController.swift in Sources */ = {isa = PBXBuildFile; fileRef = CFC94F762349D59500F3104B /* GameViewController.swift */; };
		CFC94F7A2349D59600F3104B /* Main.storyboard in Resources */ = {isa = PBXBuildFile; fileRef = CFC94F782349D59500F3104B /* Main.storyboard */; };
		CFC94F7C2349D59700F3104B /* Assets.xcassets in Resources */ = {isa = PBXBuildFile; fileRef = CFC94F7B2349D59700F3104B /* Assets.xcassets */; };
		CFC94F7F2349D59700F3104B /* LaunchScreen.storyboard in Resources */ = {isa = PBXBuildFile; fileRef = CFC94F7D2349D59700F3104B /* LaunchScreen.storyboard */; };
		CFC94F892349D62400F3104B /* sliceFuse.sks in Resources */ = {isa = PBXBuildFile; fileRef = CFC94F862349D62400F3104B /* sliceFuse.sks */; };
		CFC94F8A2349D62400F3104B /* sliceHitBomb.sks in Resources */ = {isa = PBXBuildFile; fileRef = CFC94F872349D62400F3104B /* sliceHitBomb.sks */; };
		CFC94F8B2349D62400F3104B /* sliceHitEnemy.sks in Resources */ = {isa = PBXBuildFile; fileRef = CFC94F882349D62400F3104B /* sliceHitEnemy.sks */; };
		CFC94F932349DF8600F3104B /* explosion.caf in Resources */ = {isa = PBXBuildFile; fileRef = CFC94F8F2349D63700F3104B /* explosion.caf */; };
		CFC94F942349DF8600F3104B /* launch.caf in Resources */ = {isa = PBXBuildFile; fileRef = CFC94F8C2349D63700F3104B /* launch.caf */; };
		CFC94F952349DF8600F3104B /* swoosh1.caf in Resources */ = {isa = PBXBuildFile; fileRef = CFC94F902349D63700F3104B /* swoosh1.caf */; };
		CFC94F962349DF8600F3104B /* swoosh2.caf in Resources */ = {isa = PBXBuildFile; fileRef = CFC94F912349D63800F3104B /* swoosh2.caf */; };
		CFC94F972349DF8600F3104B /* swoosh3.caf in Resources */ = {isa = PBXBuildFile; fileRef = CFC94F8D2349D63700F3104B /* swoosh3.caf */; };
		CFC94F982349DF8600F3104B /* whack.caf in Resources */ = {isa = PBXBuildFile; fileRef = CFC94F922349D63800F3104B /* whack.caf */; };
		CFC94F992349DF8600F3104B /* wrong.caf in Resources */ = {isa = PBXBuildFile; fileRef = CFC94F8E2349D63700F3104B /* wrong.caf */; };
/* End PBXBuildFile section */

/* Begin PBXFileReference section */
		CFC94F6B2349D59500F3104B /* Project23.app */ = {isa = PBXFileReference; explicitFileType = wrapper.application; includeInIndex = 0; path = Project23.app; sourceTree = BUILT_PRODUCTS_DIR; };
		CFC94F6E2349D59500F3104B /* AppDelegate.swift */ = {isa = PBXFileReference; lastKnownFileType = sourcecode.swift; path = AppDelegate.swift; sourceTree = "<group>"; };
		CFC94F702349D59500F3104B /* GameScene.sks */ = {isa = PBXFileReference; lastKnownFileType = file.sks; path = GameScene.sks; sourceTree = "<group>"; };
		CFC94F742349D59500F3104B /* GameScene.swift */ = {isa = PBXFileReference; lastKnownFileType = sourcecode.swift; path = GameScene.swift; sourceTree = "<group>"; };
		CFC94F762349D59500F3104B /* GameViewController.swift */ = {isa = PBXFileReference; lastKnownFileType = sourcecode.swift; path = GameViewController.swift; sourceTree = "<group>"; };
		CFC94F792349D59600F3104B /* Base */ = {isa = PBXFileReference; lastKnownFileType = file.storyboard; name = Base; path = Base.lproj/Main.storyboard; sourceTree = "<group>"; };
		CFC94F7B2349D59700F3104B /* Assets.xcassets */ = {isa = PBXFileReference; lastKnownFileType = folder.assetcatalog; path = Assets.xcassets; sourceTree = "<group>"; };
		CFC94F7E2349D59700F3104B /* Base */ = {isa = PBXFileReference; lastKnownFileType = file.storyboard; name = Base; path = Base.lproj/LaunchScreen.storyboard; sourceTree = "<group>"; };
		CFC94F802349D59700F3104B /* Info.plist */ = {isa = PBXFileReference; lastKnownFileType = text.plist.xml; path = Info.plist; sourceTree = "<group>"; };
		CFC94F862349D62400F3104B /* sliceFuse.sks */ = {isa = PBXFileReference; lastKnownFileType = file.sks; path = sliceFuse.sks; sourceTree = "<group>"; };
		CFC94F872349D62400F3104B /* sliceHitBomb.sks */ = {isa = PBXFileReference; lastKnownFileType = file.sks; path = sliceHitBomb.sks; sourceTree = "<group>"; };
		CFC94F882349D62400F3104B /* sliceHitEnemy.sks */ = {isa = PBXFileReference; lastKnownFileType = file.sks; path = sliceHitEnemy.sks; sourceTree = "<group>"; };
		CFC94F8C2349D63700F3104B /* launch.caf */ = {isa = PBXFileReference; lastKnownFileType = file; path = launch.caf; sourceTree = "<group>"; };
		CFC94F8D2349D63700F3104B /* swoosh3.caf */ = {isa = PBXFileReference; lastKnownFileType = file; path = swoosh3.caf; sourceTree = "<group>"; };
		CFC94F8E2349D63700F3104B /* wrong.caf */ = {isa = PBXFileReference; lastKnownFileType = file; path = wrong.caf; sourceTree = "<group>"; };
		CFC94F8F2349D63700F3104B /* explosion.caf */ = {isa = PBXFileReference; lastKnownFileType = file; path = explosion.caf; sourceTree = "<group>"; };
		CFC94F902349D63700F3104B /* swoosh1.caf */ = {isa = PBXFileReference; lastKnownFileType = file; path = swoosh1.caf; sourceTree = "<group>"; };
		CFC94F912349D63800F3104B /* swoosh2.caf */ = {isa = PBXFileReference; lastKnownFileType = file; path = swoosh2.caf; sourceTree = "<group>"; };
		CFC94F922349D63800F3104B /* whack.caf */ = {isa = PBXFileReference; lastKnownFileType = file; path = whack.caf; sourceTree = "<group>"; };
/* End PBXFileReference section */

/* Begin PBXFrameworksBuildPhase section */
		CFC94F682349D59500F3104B /* Frameworks */ = {
			isa = PBXFrameworksBuildPhase;
			buildActionMask = 2147483647;
			files = (
			);
			runOnlyForDeploymentPostprocessing = 0;
		};
/* End PBXFrameworksBuildPhase section */

/* Begin PBXGroup section */
		CFC94F622349D59500F3104B = {
			isa = PBXGroup;
			children = (
				CFC94F6D2349D59500F3104B /* Project23 */,
				CFC94F6C2349D59500F3104B /* Products */,
			);
			sourceTree = "<group>";
		};
		CFC94F6C2349D59500F3104B /* Products */ = {
			isa = PBXGroup;
			children = (
				CFC94F6B2349D59500F3104B /* Project23.app */,
			);
			name = Products;
			sourceTree = "<group>";
		};
		CFC94F6D2349D59500F3104B /* Project23 */ = {
			isa = PBXGroup;
			children = (
				CFC94F6E2349D59500F3104B /* AppDelegate.swift */,
				CFC94F702349D59500F3104B /* GameScene.sks */,
				CFC94F862349D62400F3104B /* sliceFuse.sks */,
				CFC94F872349D62400F3104B /* sliceHitBomb.sks */,
				CFC94F882349D62400F3104B /* sliceHitEnemy.sks */,
				CFC94F742349D59500F3104B /* GameScene.swift */,
				CFC94F762349D59500F3104B /* GameViewController.swift */,
				CFC94F782349D59500F3104B /* Main.storyboard */,
				CFC94F7B2349D59700F3104B /* Assets.xcassets */,
				CFC94F7D2349D59700F3104B /* LaunchScreen.storyboard */,
				CFC94F802349D59700F3104B /* Info.plist */,
				CFC94F8F2349D63700F3104B /* explosion.caf */,
				CFC94F8C2349D63700F3104B /* launch.caf */,
				CFC94F902349D63700F3104B /* swoosh1.caf */,
				CFC94F912349D63800F3104B /* swoosh2.caf */,
				CFC94F8D2349D63700F3104B /* swoosh3.caf */,
				CFC94F922349D63800F3104B /* whack.caf */,
				CFC94F8E2349D63700F3104B /* wrong.caf */,
			);
			path = Project23;
			sourceTree = "<group>";
		};
/* End PBXGroup section */

/* Begin PBXNativeTarget section */
		CFC94F6A2349D59500F3104B /* Project23 */ = {
			isa = PBXNativeTarget;
			buildConfigurationList = CFC94F832349D59700F3104B /* Build configuration list for PBXNativeTarget "Project23" */;
			buildPhases = (
				CFC94F672349D59500F3104B /* Sources */,
				CFC94F682349D59500F3104B /* Frameworks */,
				CFC94F692349D59500F3104B /* Resources */,
			);
			buildRules = (
			);
			dependencies = (
			);
			name = Project23;
			productName = Project23;
			productReference = CFC94F6B2349D59500F3104B /* Project23.app */;
			productType = "com.apple.product-type.application";
		};
/* End PBXNativeTarget section */

/* Begin PBXProject section */
		CFC94F632349D59500F3104B /* Project object */ = {
			isa = PBXProject;
			attributes = {
				LastSwiftUpdateCheck = 1100;
				LastUpgradeCheck = 1100;
				ORGANIZATIONNAME = Buck;
				TargetAttributes = {
					CFC94F6A2349D59500F3104B = {
						CreatedOnToolsVersion = 11.0;
					};
				};
			};
			buildConfigurationList = CFC94F662349D59500F3104B /* Build configuration list for PBXProject "Project23" */;
			compatibilityVersion = "Xcode 9.3";
			developmentRegion = en;
			hasScannedForEncodings = 0;
			knownRegions = (
				en,
				Base,
			);
			mainGroup = CFC94F622349D59500F3104B;
			productRefGroup = CFC94F6C2349D59500F3104B /* Products */;
			projectDirPath = "";
			projectRoot = "";
			targets = (
				CFC94F6A2349D59500F3104B /* Project23 */,
			);
		};
/* End PBXProject section */

/* Begin PBXResourcesBuildPhase section */
		CFC94F692349D59500F3104B /* Resources */ = {
			isa = PBXResourcesBuildPhase;
			buildActionMask = 2147483647;
			files = (
				CFC94F992349DF8600F3104B /* wrong.caf in Resources */,
				CFC94F8A2349D62400F3104B /* sliceHitBomb.sks in Resources */,
				CFC94F952349DF8600F3104B /* swoosh1.caf in Resources */,
				CFC94F962349DF8600F3104B /* swoosh2.caf in Resources */,
				CFC94F8B2349D62400F3104B /* sliceHitEnemy.sks in Resources */,
				CFC94F7A2349D59600F3104B /* Main.storyboard in Resources */,
				CFC94F972349DF8600F3104B /* swoosh3.caf in Resources */,
				CFC94F712349D59500F3104B /* GameScene.sks in Resources */,
				CFC94F982349DF8600F3104B /* whack.caf in Resources */,
				CFC94F892349D62400F3104B /* sliceFuse.sks in Resources */,
				CFC94F7C2349D59700F3104B /* Assets.xcassets in Resources */,
				CFC94F932349DF8600F3104B /* explosion.caf in Resources */,
				CFC94F942349DF8600F3104B /* launch.caf in Resources */,
				CFC94F7F2349D59700F3104B /* LaunchScreen.storyboard in Resources */,
			);
			runOnlyForDeploymentPostprocessing = 0;
		};
/* End PBXResourcesBuildPhase section */

/* Begin PBXSourcesBuildPhase section */
		CFC94F672349D59500F3104B /* Sources */ = {
			isa = PBXSourcesBuildPhase;
			buildActionMask = 2147483647;
			files = (
				CFC94F752349D59500F3104B /* GameScene.swift in Sources */,
				CFC94F772349D59500F3104B /* GameViewController.swift in Sources */,
				CFC94F6F2349D59500F3104B /* AppDelegate.swift in Sources */,
			);
			runOnlyForDeploymentPostprocessing = 0;
		};
/* End PBXSourcesBuildPhase section */

/* Begin PBXVariantGroup section */
		CFC94F782349D59500F3104B /* Main.storyboard */ = {
			isa = PBXVariantGroup;
			children = (
				CFC94F792349D59600F3104B /* Base */,
			);
			name = Main.storyboard;
			sourceTree = "<group>";
		};
		CFC94F7D2349D59700F3104B /* LaunchScreen.storyboard */ = {
			isa = PBXVariantGroup;
			children = (
				CFC94F7E2349D59700F3104B /* Base */,
			);
			name = LaunchScreen.storyboard;
			sourceTree = "<group>";
		};
/* End PBXVariantGroup section */

/* Begin XCBuildConfiguration section */
		CFC94F812349D59700F3104B /* Debug */ = {
			isa = XCBuildConfiguration;
			buildSettings = {
				ALWAYS_SEARCH_USER_PATHS = NO;
				CLANG_ANALYZER_NONNULL = YES;
				CLANG_ANALYZER_NUMBER_OBJECT_CONVERSION = YES_AGGRESSIVE;
				CLANG_CXX_LANGUAGE_STANDARD = "gnu++14";
				CLANG_CXX_LIBRARY = "libc++";
				CLANG_ENABLE_MODULES = YES;
				CLANG_ENABLE_OBJC_ARC = YES;
				CLANG_ENABLE_OBJC_WEAK = YES;
				CLANG_WARN_BLOCK_CAPTURE_AUTORELEASING = YES;
				CLANG_WARN_BOOL_CONVERSION = YES;
				CLANG_WARN_COMMA = YES;
				CLANG_WARN_CONSTANT_CONVERSION = YES;
				CLANG_WARN_DEPRECATED_OBJC_IMPLEMENTATIONS = YES;
				CLANG_WARN_DIRECT_OBJC_ISA_USAGE = YES_ERROR;
				CLANG_WARN_DOCUMENTATION_COMMENTS = YES;
				CLANG_WARN_EMPTY_BODY = YES;
				CLANG_WARN_ENUM_CONVERSION = YES;
				CLANG_WARN_INFINITE_RECURSION = YES;
				CLANG_WARN_INT_CONVERSION = YES;
				CLANG_WARN_NON_LITERAL_NULL_CONVERSION = YES;
				CLANG_WARN_OBJC_IMPLICIT_RETAIN_SELF = YES;
				CLANG_WARN_OBJC_LITERAL_CONVERSION = YES;
				CLANG_WARN_OBJC_ROOT_CLASS = YES_ERROR;
				CLANG_WARN_RANGE_LOOP_ANALYSIS = YES;
				CLANG_WARN_STRICT_PROTOTYPES = YES;
				CLANG_WARN_SUSPICIOUS_MOVE = YES;
				CLANG_WARN_UNGUARDED_AVAILABILITY = YES_AGGRESSIVE;
				CLANG_WARN_UNREACHABLE_CODE = YES;
				CLANG_WARN__DUPLICATE_METHOD_MATCH = YES;
				COPY_PHASE_STRIP = NO;
				DEBUG_INFORMATION_FORMAT = dwarf;
				ENABLE_STRICT_OBJC_MSGSEND = YES;
				ENABLE_TESTABILITY = YES;
				GCC_C_LANGUAGE_STANDARD = gnu11;
				GCC_DYNAMIC_NO_PIC = NO;
				GCC_NO_COMMON_BLOCKS = YES;
				GCC_OPTIMIZATION_LEVEL = 0;
				GCC_PREPROCESSOR_DEFINITIONS = (
					"DEBUG=1",
					"$(inherited)",
				);
				GCC_WARN_64_TO_32_BIT_CONVERSION = YES;
				GCC_WARN_ABOUT_RETURN_TYPE = YES_ERROR;
				GCC_WARN_UNDECLARED_SELECTOR = YES;
				GCC_WARN_UNINITIALIZED_AUTOS = YES_AGGRESSIVE;
				GCC_WARN_UNUSED_FUNCTION = YES;
				GCC_WARN_UNUSED_VARIABLE = YES;
				IPHONEOS_DEPLOYMENT_TARGET = 13.0;
				MTL_ENABLE_DEBUG_INFO = INCLUDE_SOURCE;
				MTL_FAST_MATH = YES;
				ONLY_ACTIVE_ARCH = YES;
				SDKROOT = iphoneos;
				SWIFT_ACTIVE_COMPILATION_CONDITIONS = DEBUG;
				SWIFT_OPTIMIZATION_LEVEL = "-Onone";
			};
			name = Debug;
		};
		CFC94F822349D59700F3104B /* Release */ = {
			isa = XCBuildConfiguration;
			buildSettings = {
				ALWAYS_SEARCH_USER_PATHS = NO;
				CLANG_ANALYZER_NONNULL = YES;
				CLANG_ANALYZER_NUMBER_OBJECT_CONVERSION = YES_AGGRESSIVE;
				CLANG_CXX_LANGUAGE_STANDARD = "gnu++14";
				CLANG_CXX_LIBRARY = "libc++";
				CLANG_ENABLE_MODULES = YES;
				CLANG_ENABLE_OBJC_ARC = YES;
				CLANG_ENABLE_OBJC_WEAK = YES;
				CLANG_WARN_BLOCK_CAPTURE_AUTORELEASING = YES;
				CLANG_WARN_BOOL_CONVERSION = YES;
				CLANG_WARN_COMMA = YES;
				CLANG_WARN_CONSTANT_CONVERSION = YES;
				CLANG_WARN_DEPRECATED_OBJC_IMPLEMENTATIONS = YES;
				CLANG_WARN_DIRECT_OBJC_ISA_USAGE = YES_ERROR;
				CLANG_WARN_DOCUMENTATION_COMMENTS = YES;
				CLANG_WARN_EMPTY_BODY = YES;
				CLANG_WARN_ENUM_CONVERSION = YES;
				CLANG_WARN_INFINITE_RECURSION = YES;
				CLANG_WARN_INT_CONVERSION = YES;
				CLANG_WARN_NON_LITERAL_NULL_CONVERSION = YES;
				CLANG_WARN_OBJC_IMPLICIT_RETAIN_SELF = YES;
				CLANG_WARN_OBJC_LITERAL_CONVERSION = YES;
				CLANG_WARN_OBJC_ROOT_CLASS = YES_ERROR;
				CLANG_WARN_RANGE_LOOP_ANALYSIS = YES;
				CLANG_WARN_STRICT_PROTOTYPES = YES;
				CLANG_WARN_SUSPICIOUS_MOVE = YES;
				CLANG_WARN_UNGUARDED_AVAILABILITY = YES_AGGRESSIVE;
				CLANG_WARN_UNREACHABLE_CODE = YES;
				CLANG_WARN__DUPLICATE_METHOD_MATCH = YES;
				COPY_PHASE_STRIP = NO;
				DEBUG_INFORMATION_FORMAT = "dwarf-with-dsym";
				ENABLE_NS_ASSERTIONS = NO;
				ENABLE_STRICT_OBJC_MSGSEND = YES;
				GCC_C_LANGUAGE_STANDARD = gnu11;
				GCC_NO_COMMON_BLOCKS = YES;
				GCC_WARN_64_TO_32_BIT_CONVERSION = YES;
				GCC_WARN_ABOUT_RETURN_TYPE = YES_ERROR;
				GCC_WARN_UNDECLARED_SELECTOR = YES;
				GCC_WARN_UNINITIALIZED_AUTOS = YES_AGGRESSIVE;
				GCC_WARN_UNUSED_FUNCTION = YES;
				GCC_WARN_UNUSED_VARIABLE = YES;
				IPHONEOS_DEPLOYMENT_TARGET = 13.0;
				MTL_ENABLE_DEBUG_INFO = NO;
				MTL_FAST_MATH = YES;
				SDKROOT = iphoneos;
				SWIFT_COMPILATION_MODE = wholemodule;
				SWIFT_OPTIMIZATION_LEVEL = "-O";
				VALIDATE_PRODUCT = YES;
			};
			name = Release;
		};
		CFC94F842349D59700F3104B /* Debug */ = {
			isa = XCBuildConfiguration;
			buildSettings = {
				ASSETCATALOG_COMPILER_APPICON_NAME = AppIcon;
				CODE_SIGN_STYLE = Automatic;
				INFOPLIST_FILE = Project23/Info.plist;
				LD_RUNPATH_SEARCH_PATHS = (
					"$(inherited)",
					"@executable_path/Frameworks",
				);
				PRODUCT_BUNDLE_IDENTIFIER = com.buck.Project23;
				PRODUCT_NAME = "$(TARGET_NAME)";
				SWIFT_VERSION = 5.0;
				TARGETED_DEVICE_FAMILY = 2;
			};
			name = Debug;
		};
		CFC94F852349D59700F3104B /* Release */ = {
			isa = XCBuildConfiguration;
			buildSettings = {
				ASSETCATALOG_COMPILER_APPICON_NAME = AppIcon;
				CODE_SIGN_STYLE = Automatic;
				INFOPLIST_FILE = Project23/Info.plist;
				LD_RUNPATH_SEARCH_PATHS = (
					"$(inherited)",
					"@executable_path/Frameworks",
				);
				PRODUCT_BUNDLE_IDENTIFIER = com.buck.Project23;
				PRODUCT_NAME = "$(TARGET_NAME)";
				SWIFT_VERSION = 5.0;
				TARGETED_DEVICE_FAMILY = 2;
			};
			name = Release;
		};
/* End XCBuildConfiguration section */

/* Begin XCConfigurationList section */
		CFC94F662349D59500F3104B /* Build configuration list for PBXProject "Project23" */ = {
			isa = XCConfigurationList;
			buildConfigurations = (
				CFC94F812349D59700F3104B /* Debug */,
				CFC94F822349D59700F3104B /* Release */,
			);
			defaultConfigurationIsVisible = 0;
			defaultConfigurationName = Release;
		};
		CFC94F832349D59700F3104B /* Build configuration list for PBXNativeTarget "Project23" */ = {
			isa = XCConfigurationList;
			buildConfigurations = (
				CFC94F842349D59700F3104B /* Debug */,
				CFC94F852349D59700F3104B /* Release */,
			);
			defaultConfigurationIsVisible = 0;
			defaultConfigurationName = Release;
		};
/* End XCConfigurationList section */
	};
	rootObject = CFC94F632349D59500F3104B /* Project object */;
}
